Microsoft Visual Studio Solution File, Format Version 12.00
# Visual Studio 2012
Project("{FAE04EC0-301F-11D3-BF4B-00C04F79EFBC}") = "SideBySideBar2D", "SideBySideBar2D.csproj", "{909420C9-5AC3-418B-B410-EF0EE8232523}"
EndProject
Global
	GlobalSection(SolutionConfigurationPlatforms) = preSolution
		Debug|Any CPU = Debug|Any CPU
		Release|Any CPU = Release|Any CPU
	EndGlobalSection
	GlobalSection(ProjectConfigurationPlatforms) = postSolution
		{909420C9-5AC3-418B-B410-EF0EE8232523}.Debug|Any CPU.ActiveCfg = Debug|Any CPU
		{909420C9-5AC3-418B-B410-EF0EE8232523}.Debug|Any CPU.Build.0 = Debug|Any CPU
		{909420C9-5AC3-418B-B410-EF0EE8232523}.Release|Any CPU.ActiveCfg = Release|Any CPU
		{909420C9-5AC3-418B-B410-EF0EE8232523}.Release|Any CPU.Build.0 = Release|Any CPU
	EndGlobalSection
	GlobalSection(SolutionProperties) = preSolution
		HideSolutionNode = FALSE
	EndGlobalSection
EndGlobal
